
Microsoft Visual Studio Solution File, Format Version 12.00
# Visual Studio Version 16
VisualStudioVersion = 16.0.31205.134
MinimumVisualStudioVersion = 10.0.40219.1
Project("{9A19103F-16F7-4668-BE54-9A1E7A4F7556}") = "MHRTalismanManager.Server", "MHRTalismanManager\Server\MHRTalismanManager.Server.csproj", "{6A17CB75-C571-45F4-AB4F-A3FAEB28655D}"
EndProject
Project("{9A19103F-16F7-4668-BE54-9A1E7A4F7556}") = "MHRTalismanManager.Client", "MHRTalismanManager\Client\MHRTalismanManager.Client.csproj", "{A75EC9F4-2657-48BB-8635-D441814719FD}"
EndProject
Project("{9A19103F-16F7-4668-BE54-9A1E7A4F7556}") = "MHRTalismanManager.Shared", "MHRTalismanManager\Shared\MHRTalismanManager.Shared.csproj", "{EFF9763C-FFA0-4293-BBB4-7894F155AC12}"
EndProject
Project("{9A19103F-16F7-4668-BE54-9A1E7A4F7556}") = "MhrTalismanManager.Server.Tests", "MHRTalismanManager\Server.Tests\MhrTalismanManager.Server.Tests.csproj", "{6E0F73BF-16E0-47DA-8B21-BECBD6813990}"
EndProject
Project("{9A19103F-16F7-4668-BE54-9A1E7A4F7556}") = "MHRTalismanManager.Client.Tests", "MHRTalismanManager\Client.Tests\MHRTalismanManager.Client.Tests.csproj", "{0CD433EE-2F87-4812-9B47-8718036FA1D6}"
EndProject
Global
	GlobalSection(SolutionConfigurationPlatforms) = preSolution
		Debug|Any CPU = Debug|Any CPU
		Release|Any CPU = Release|Any CPU
	EndGlobalSection
	GlobalSection(ProjectConfigurationPlatforms) = postSolution
		{6A17CB75-C571-45F4-AB4F-A3FAEB28655D}.Debug|Any CPU.ActiveCfg = Debug|Any CPU
		{6A17CB75-C571-45F4-AB4F-A3FAEB28655D}.Debug|Any CPU.Build.0 = Debug|Any CPU
		{6A17CB75-C571-45F4-AB4F-A3FAEB28655D}.Release|Any CPU.ActiveCfg = Release|Any CPU
		{6A17CB75-C571-45F4-AB4F-A3FAEB28655D}.Release|Any CPU.Build.0 = Release|Any CPU
		{A75EC9F4-2657-48BB-8635-D441814719FD}.Debug|Any CPU.ActiveCfg = Debug|Any CPU
		{A75EC9F4-2657-48BB-8635-D441814719FD}.Debug|Any CPU.Build.0 = Debug|Any CPU
		{A75EC9F4-2657-48BB-8635-D441814719FD}.Release|Any CPU.ActiveCfg = Release|Any CPU
		{A75EC9F4-2657-48BB-8635-D441814719FD}.Release|Any CPU.Build.0 = Release|Any CPU
		{EFF9763C-FFA0-4293-BBB4-7894F155AC12}.Debug|Any CPU.ActiveCfg = Debug|Any CPU
		{EFF9763C-FFA0-4293-BBB4-7894F155AC12}.Debug|Any CPU.Build.0 = Debug|Any CPU
		{EFF9763C-FFA0-4293-BBB4-7894F155AC12}.Release|Any CPU.ActiveCfg = Release|Any CPU
		{EFF9763C-FFA0-4293-BBB4-7894F155AC12}.Release|Any CPU.Build.0 = Release|Any CPU
		{6E0F73BF-16E0-47DA-8B21-BECBD6813990}.Debug|Any CPU.ActiveCfg = Debug|Any CPU
		{6E0F73BF-16E0-47DA-8B21-BECBD6813990}.Debug|Any CPU.Build.0 = Debug|Any CPU
		{6E0F73BF-16E0-47DA-8B21-BECBD6813990}.Release|Any CPU.ActiveCfg = Release|Any CPU
		{6E0F73BF-16E0-47DA-8B21-BECBD6813990}.Release|Any CPU.Build.0 = Release|Any CPU
		{0CD433EE-2F87-4812-9B47-8718036FA1D6}.Debug|Any CPU.ActiveCfg = Debug|Any CPU
		{0CD433EE-2F87-4812-9B47-8718036FA1D6}.Debug|Any CPU.Build.0 = Debug|Any CPU
		{0CD433EE-2F87-4812-9B47-8718036FA1D6}.Release|Any CPU.ActiveCfg = Release|Any CPU
		{0CD433EE-2F87-4812-9B47-8718036FA1D6}.Release|Any CPU.Build.0 = Release|Any CPU
	EndGlobalSection
	GlobalSection(SolutionProperties) = preSolution
		HideSolutionNode = FALSE
	EndGlobalSection
	GlobalSection(ExtensibilityGlobals) = postSolution
		SolutionGuid = {E3A0342A-5F1B-44EE-84CC-C54AA810FEE5}
	EndGlobalSection
EndGlobal
